Microsoft Visual Studio Solution File, Format Version 12.00
# Visual Studio 14
VisualStudioVersion = 14.0.24720.0
MinimumVisualStudioVersion = 10.0.40219.1
Project("{FAE04EC0-301F-11D3-BF4B-00C04F79EFBC}") = "DataBases", "DataBases\DataBases.csproj", "{998E3655-63DB-484C-BCB2-F52060A2631C}"
EndProject
Project("{FAE04EC0-301F-11D3-BF4B-00C04F79EFBC}") = "SpeedwayReaderParamControl", "SpeedwayReaderParamControl\SpeedwayReaderParamControl.csproj", "{F18116C1-017A-4947-92D1-D1B53AA022C1}"
EndProject
Project("{FAE04EC0-301F-11D3-BF4B-00C04F79EFBC}") = "Microsoft.SqlServer.Management.Sdk.Sfc", "Microsoft.SqlServer.Management.Sdk.Sfc\Microsoft.SqlServer.Management.Sdk.Sfc.csproj", "{C041BE88-9319-4AB6-A498-85317016DCF0}"
EndProject
Project("{FAE04EC0-301F-11D3-BF4B-00C04F79EFBC}") = "NLog", "NLog\NLog.csproj", "{1ED3E610-6DF4-485B-9E54-EB67DC4419FC}"
EndProject
Project("{FAE04EC0-301F-11D3-BF4B-00C04F79EFBC}") = "Microsoft.SqlServer.ConnectionInfo", "Microsoft.SqlServer.ConnectionInfo\Microsoft.SqlServer.ConnectionInfo.csproj", "{82519C55-C43D-4357-BA82-745F3AC18847}"
EndProject
Project("{FAE04EC0-301F-11D3-BF4B-00C04F79EFBC}") = "Newtonsoft.Json", "Newtonsoft.Json\Newtonsoft.Json.csproj", "{C331B4FE-B7DE-43FC-85A1-CA8659A5125E}"
EndProject
Project("{FAE04EC0-301F-11D3-BF4B-00C04F79EFBC}") = "MacsaDevicesNet", "MacsaDevicesNet\MacsaDevicesNet.csproj", "{E66F23D9-987F-4A48-A278-3540805C5503}"
EndProject
Project("{FAE04EC0-301F-11D3-BF4B-00C04F79EFBC}") = "ModbusTCP", "ModbusTCP\ModbusTCP.csproj", "{D72635E0-211C-411A-9F4E-FDB3F8F7C903}"
EndProject
Project("{FAE04EC0-301F-11D3-BF4B-00C04F79EFBC}") = "IPFUser", "IPFUser\IPFUser.csproj", "{BB10F564-8481-4521-8EB5-1EE44CEE5FFB}"
EndProject
Project("{FAE04EC0-301F-11D3-BF4B-00C04F79EFBC}") = "Speedway", "Speedway\Speedway.csproj", "{4566891E-E89F-44A3-BB25-160C9C78960B}"
EndProject
Project("{FAE04EC0-301F-11D3-BF4B-00C04F79EFBC}") = "Microsoft.SqlServer.SmoExtended", "Microsoft.SqlServer.SmoExtended\Microsoft.SqlServer.SmoExtended.csproj", "{42828957-570E-417A-8EFC-09DABF737090}"
EndProject
Project("{FAE04EC0-301F-11D3-BF4B-00C04F79EFBC}") = "Advantech.Adam", "Advantech.Adam\Advantech.Adam.csproj", "{22859E0D-1D90-472A-B8F6-A3637C790416}"
EndProject
Project("{FAE04EC0-301F-11D3-BF4B-00C04F79EFBC}") = "Microsoft.SqlServer.SqlEnum", "Microsoft.SqlServer.SqlEnum\Microsoft.SqlServer.SqlEnum.csproj", "{6BA75FA5-1052-47C3-BC0F-78E8B4F89A1C}"
EndProject
Project("{FAE04EC0-301F-11D3-BF4B-00C04F79EFBC}") = "Microsoft.SqlServer.SqlClrProvider", "Microsoft.SqlServer.SqlClrProvider\Microsoft.SqlServer.SqlClrProvider.csproj", "{6CE11A74-F949-4BAC-9E06-90EAF322B7E3}"
EndProject
Project("{FAE04EC0-301F-11D3-BF4B-00C04F79EFBC}") = "Advantech.Protocol", "Advantech.Protocol\Advantech.Protocol.csproj", "{4F20EB71-4501-4581-8478-FB6560DC11CC}"
EndProject
Project("{FAE04EC0-301F-11D3-BF4B-00C04F79EFBC}") = "Microsoft.SqlServer.Smo", "Microsoft.SqlServer.Smo\Microsoft.SqlServer.Smo.csproj", "{A6A9B071-E594-4A57-948C-60AFF64FA236}"
EndProject
Project("{FAE04EC0-301F-11D3-BF4B-00C04F79EFBC}") = "Advantech.Common", "Advantech.Common\Advantech.Common.csproj", "{F1248FE7-C3BE-4D32-9FFE-6BA7FEC7C798}"
EndProject
Global
	GlobalSection(SolutionConfigurationPlatforms) = preSolution
		Debug|AnyCPU = Debug|AnyCPU
		Debug|x86 = Debug|x86
		Release|AnyCPU = Release|AnyCPU
		Release|x86 = Release|x86
	EndGlobalSection
	GlobalSection(ProjectConfigurationPlatforms) = postSolution
		{998E3655-63DB-484C-BCB2-F52060A2631C}.Debug|AnyCPU.ActiveCfg = Debug|AnyCPU
		{998E3655-63DB-484C-BCB2-F52060A2631C}.Debug|AnyCPU.Build.0 = Debug|AnyCPU
		{998E3655-63DB-484C-BCB2-F52060A2631C}.Debug|x86.ActiveCfg = Debug|AnyCPU
		{998E3655-63DB-484C-BCB2-F52060A2631C}.Debug|x86.Build.0 = Debug|AnyCPU
		{998E3655-63DB-484C-BCB2-F52060A2631C}.Release|AnyCPU.ActiveCfg = Release|AnyCPU
		{998E3655-63DB-484C-BCB2-F52060A2631C}.Release|AnyCPU.Build.0 = Release|AnyCPU
		{998E3655-63DB-484C-BCB2-F52060A2631C}.Release|x86.ActiveCfg = Release|AnyCPU
		{998E3655-63DB-484C-BCB2-F52060A2631C}.Release|x86.Build.0 = Release|AnyCPU
		{F18116C1-017A-4947-92D1-D1B53AA022C1}.Debug|AnyCPU.ActiveCfg = Debug|AnyCPU
		{F18116C1-017A-4947-92D1-D1B53AA022C1}.Debug|AnyCPU.Build.0 = Debug|AnyCPU
		{F18116C1-017A-4947-92D1-D1B53AA022C1}.Debug|x86.ActiveCfg = Debug|AnyCPU
		{F18116C1-017A-4947-92D1-D1B53AA022C1}.Debug|x86.Build.0 = Debug|AnyCPU
		{F18116C1-017A-4947-92D1-D1B53AA022C1}.Release|AnyCPU.ActiveCfg = Release|AnyCPU
		{F18116C1-017A-4947-92D1-D1B53AA022C1}.Release|AnyCPU.Build.0 = Release|AnyCPU
		{F18116C1-017A-4947-92D1-D1B53AA022C1}.Release|x86.ActiveCfg = Release|AnyCPU
		{F18116C1-017A-4947-92D1-D1B53AA022C1}.Release|x86.Build.0 = Release|AnyCPU
		{C041BE88-9319-4AB6-A498-85317016DCF0}.Debug|AnyCPU.ActiveCfg = Debug|AnyCPU
		{C041BE88-9319-4AB6-A498-85317016DCF0}.Debug|AnyCPU.Build.0 = Debug|AnyCPU
		{C041BE88-9319-4AB6-A498-85317016DCF0}.Debug|x86.ActiveCfg = Debug|AnyCPU
		{C041BE88-9319-4AB6-A498-85317016DCF0}.Debug|x86.Build.0 = Debug|AnyCPU
		{C041BE88-9319-4AB6-A498-85317016DCF0}.Release|AnyCPU.ActiveCfg = Release|AnyCPU
		{C041BE88-9319-4AB6-A498-85317016DCF0}.Release|AnyCPU.Build.0 = Release|AnyCPU
		{C041BE88-9319-4AB6-A498-85317016DCF0}.Release|x86.ActiveCfg = Release|AnyCPU
		{C041BE88-9319-4AB6-A498-85317016DCF0}.Release|x86.Build.0 = Release|AnyCPU
		{1ED3E610-6DF4-485B-9E54-EB67DC4419FC}.Debug|AnyCPU.ActiveCfg = Debug|AnyCPU
		{1ED3E610-6DF4-485B-9E54-EB67DC4419FC}.Debug|AnyCPU.Build.0 = Debug|AnyCPU
		{1ED3E610-6DF4-485B-9E54-EB67DC4419FC}.Debug|x86.ActiveCfg = Debug|AnyCPU
		{1ED3E610-6DF4-485B-9E54-EB67DC4419FC}.Debug|x86.Build.0 = Debug|AnyCPU
		{1ED3E610-6DF4-485B-9E54-EB67DC4419FC}.Release|AnyCPU.ActiveCfg = Release|AnyCPU
		{1ED3E610-6DF4-485B-9E54-EB67DC4419FC}.Release|AnyCPU.Build.0 = Release|AnyCPU
		{1ED3E610-6DF4-485B-9E54-EB67DC4419FC}.Release|x86.ActiveCfg = Release|AnyCPU
		{1ED3E610-6DF4-485B-9E54-EB67DC4419FC}.Release|x86.Build.0 = Release|AnyCPU
		{82519C55-C43D-4357-BA82-745F3AC18847}.Debug|AnyCPU.ActiveCfg = Debug|AnyCPU
		{82519C55-C43D-4357-BA82-745F3AC18847}.Debug|AnyCPU.Build.0 = Debug|AnyCPU
		{82519C55-C43D-4357-BA82-745F3AC18847}.Debug|x86.ActiveCfg = Debug|AnyCPU
		{82519C55-C43D-4357-BA82-745F3AC18847}.Debug|x86.Build.0 = Debug|AnyCPU
		{82519C55-C43D-4357-BA82-745F3AC18847}.Release|AnyCPU.ActiveCfg = Release|AnyCPU
		{82519C55-C43D-4357-BA82-745F3AC18847}.Release|AnyCPU.Build.0 = Release|AnyCPU
		{82519C55-C43D-4357-BA82-745F3AC18847}.Release|x86.ActiveCfg = Release|AnyCPU
		{82519C55-C43D-4357-BA82-745F3AC18847}.Release|x86.Build.0 = Release|AnyCPU
		{C331B4FE-B7DE-43FC-85A1-CA8659A5125E}.Debug|AnyCPU.ActiveCfg = Debug|AnyCPU
		{C331B4FE-B7DE-43FC-85A1-CA8659A5125E}.Debug|AnyCPU.Build.0 = Debug|AnyCPU
		{C331B4FE-B7DE-43FC-85A1-CA8659A5125E}.Debug|x86.ActiveCfg = Debug|AnyCPU
		{C331B4FE-B7DE-43FC-85A1-CA8659A5125E}.Debug|x86.Build.0 = Debug|AnyCPU
		{C331B4FE-B7DE-43FC-85A1-CA8659A5125E}.Release|AnyCPU.ActiveCfg = Release|AnyCPU
		{C331B4FE-B7DE-43FC-85A1-CA8659A5125E}.Release|AnyCPU.Build.0 = Release|AnyCPU
		{C331B4FE-B7DE-43FC-85A1-CA8659A5125E}.Release|x86.ActiveCfg = Release|AnyCPU
		{C331B4FE-B7DE-43FC-85A1-CA8659A5125E}.Release|x86.Build.0 = Release|AnyCPU
		{E66F23D9-987F-4A48-A278-3540805C5503}.Debug|AnyCPU.ActiveCfg = Debug|x86
		{E66F23D9-987F-4A48-A278-3540805C5503}.Debug|AnyCPU.Build.0 = Debug|x86
		{E66F23D9-987F-4A48-A278-3540805C5503}.Debug|x86.ActiveCfg = Debug|x86
		{E66F23D9-987F-4A48-A278-3540805C5503}.Debug|x86.Build.0 = Debug|x86
		{E66F23D9-987F-4A48-A278-3540805C5503}.Release|AnyCPU.ActiveCfg = Release|x86
		{E66F23D9-987F-4A48-A278-3540805C5503}.Release|AnyCPU.Build.0 = Release|x86
		{E66F23D9-987F-4A48-A278-3540805C5503}.Release|x86.ActiveCfg = Release|x86
		{E66F23D9-987F-4A48-A278-3540805C5503}.Release|x86.Build.0 = Release|x86
		{D72635E0-211C-411A-9F4E-FDB3F8F7C903}.Debug|AnyCPU.ActiveCfg = Debug|x86
		{D72635E0-211C-411A-9F4E-FDB3F8F7C903}.Debug|AnyCPU.Build.0 = Debug|x86
		{D72635E0-211C-411A-9F4E-FDB3F8F7C903}.Debug|x86.ActiveCfg = Debug|x86
		{D72635E0-211C-411A-9F4E-FDB3F8F7C903}.Debug|x86.Build.0 = Debug|x86
		{D72635E0-211C-411A-9F4E-FDB3F8F7C903}.Release|AnyCPU.ActiveCfg = Release|x86
		{D72635E0-211C-411A-9F4E-FDB3F8F7C903}.Release|AnyCPU.Build.0 = Release|x86
		{D72635E0-211C-411A-9F4E-FDB3F8F7C903}.Release|x86.ActiveCfg = Release|x86
		{D72635E0-211C-411A-9F4E-FDB3F8F7C903}.Release|x86.Build.0 = Release|x86
		{BB10F564-8481-4521-8EB5-1EE44CEE5FFB}.Debug|AnyCPU.ActiveCfg = Debug|x86
		{BB10F564-8481-4521-8EB5-1EE44CEE5FFB}.Debug|AnyCPU.Build.0 = Debug|x86
		{BB10F564-8481-4521-8EB5-1EE44CEE5FFB}.Debug|x86.ActiveCfg = Debug|x86
		{BB10F564-8481-4521-8EB5-1EE44CEE5FFB}.Debug|x86.Build.0 = Debug|x86
		{BB10F564-8481-4521-8EB5-1EE44CEE5FFB}.Release|AnyCPU.ActiveCfg = Release|x86
		{BB10F564-8481-4521-8EB5-1EE44CEE5FFB}.Release|AnyCPU.Build.0 = Release|x86
		{BB10F564-8481-4521-8EB5-1EE44CEE5FFB}.Release|x86.ActiveCfg = Release|x86
		{BB10F564-8481-4521-8EB5-1EE44CEE5FFB}.Release|x86.Build.0 = Release|x86
		{4566891E-E89F-44A3-BB25-160C9C78960B}.Debug|AnyCPU.ActiveCfg = Debug|AnyCPU
		{4566891E-E89F-44A3-BB25-160C9C78960B}.Debug|AnyCPU.Build.0 = Debug|AnyCPU
		{4566891E-E89F-44A3-BB25-160C9C78960B}.Debug|x86.ActiveCfg = Debug|AnyCPU
		{4566891E-E89F-44A3-BB25-160C9C78960B}.Debug|x86.Build.0 = Debug|AnyCPU
		{4566891E-E89F-44A3-BB25-160C9C78960B}.Release|AnyCPU.ActiveCfg = Release|AnyCPU
		{4566891E-E89F-44A3-BB25-160C9C78960B}.Release|AnyCPU.Build.0 = Release|AnyCPU
		{4566891E-E89F-44A3-BB25-160C9C78960B}.Release|x86.ActiveCfg = Release|AnyCPU
		{4566891E-E89F-44A3-BB25-160C9C78960B}.Release|x86.Build.0 = Release|AnyCPU
		{42828957-570E-417A-8EFC-09DABF737090}.Debug|AnyCPU.ActiveCfg = Debug|AnyCPU
		{42828957-570E-417A-8EFC-09DABF737090}.Debug|AnyCPU.Build.0 = Debug|AnyCPU
		{42828957-570E-417A-8EFC-09DABF737090}.Debug|x86.ActiveCfg = Debug|AnyCPU
		{42828957-570E-417A-8EFC-09DABF737090}.Debug|x86.Build.0 = Debug|AnyCPU
		{42828957-570E-417A-8EFC-09DABF737090}.Release|AnyCPU.ActiveCfg = Release|AnyCPU
		{42828957-570E-417A-8EFC-09DABF737090}.Release|AnyCPU.Build.0 = Release|AnyCPU
		{42828957-570E-417A-8EFC-09DABF737090}.Release|x86.ActiveCfg = Release|AnyCPU
		{42828957-570E-417A-8EFC-09DABF737090}.Release|x86.Build.0 = Release|AnyCPU
		{22859E0D-1D90-472A-B8F6-A3637C790416}.Debug|AnyCPU.ActiveCfg = Debug|AnyCPU
		{22859E0D-1D90-472A-B8F6-A3637C790416}.Debug|AnyCPU.Build.0 = Debug|AnyCPU
		{22859E0D-1D90-472A-B8F6-A3637C790416}.Debug|x86.ActiveCfg = Debug|AnyCPU
		{22859E0D-1D90-472A-B8F6-A3637C790416}.Debug|x86.Build.0 = Debug|AnyCPU
		{22859E0D-1D90-472A-B8F6-A3637C790416}.Release|AnyCPU.ActiveCfg = Release|AnyCPU
		{22859E0D-1D90-472A-B8F6-A3637C790416}.Release|AnyCPU.Build.0 = Release|AnyCPU
		{22859E0D-1D90-472A-B8F6-A3637C790416}.Release|x86.ActiveCfg = Release|AnyCPU
		{22859E0D-1D90-472A-B8F6-A3637C790416}.Release|x86.Build.0 = Release|AnyCPU
		{6BA75FA5-1052-47C3-BC0F-78E8B4F89A1C}.Debug|AnyCPU.ActiveCfg = Debug|AnyCPU
		{6BA75FA5-1052-47C3-BC0F-78E8B4F89A1C}.Debug|AnyCPU.Build.0 = Debug|AnyCPU
		{6BA75FA5-1052-47C3-BC0F-78E8B4F89A1C}.Debug|x86.ActiveCfg = Debug|AnyCPU
		{6BA75FA5-1052-47C3-BC0F-78E8B4F89A1C}.Debug|x86.Build.0 = Debug|AnyCPU
		{6BA75FA5-1052-47C3-BC0F-78E8B4F89A1C}.Release|AnyCPU.ActiveCfg = Release|AnyCPU
		{6BA75FA5-1052-47C3-BC0F-78E8B4F89A1C}.Release|AnyCPU.Build.0 = Release|AnyCPU
		{6BA75FA5-1052-47C3-BC0F-78E8B4F89A1C}.Release|x86.ActiveCfg = Release|AnyCPU
		{6BA75FA5-1052-47C3-BC0F-78E8B4F89A1C}.Release|x86.Build.0 = Release|AnyCPU
		{6CE11A74-F949-4BAC-9E06-90EAF322B7E3}.Debug|AnyCPU.ActiveCfg = Debug|AnyCPU
		{6CE11A74-F949-4BAC-9E06-90EAF322B7E3}.Debug|AnyCPU.Build.0 = Debug|AnyCPU
		{6CE11A74-F949-4BAC-9E06-90EAF322B7E3}.Debug|x86.ActiveCfg = Debug|AnyCPU
		{6CE11A74-F949-4BAC-9E06-90EAF322B7E3}.Debug|x86.Build.0 = Debug|AnyCPU
		{6CE11A74-F949-4BAC-9E06-90EAF322B7E3}.Release|AnyCPU.ActiveCfg = Release|AnyCPU
		{6CE11A74-F949-4BAC-9E06-90EAF322B7E3}.Release|AnyCPU.Build.0 = Release|AnyCPU
		{6CE11A74-F949-4BAC-9E06-90EAF322B7E3}.Release|x86.ActiveCfg = Release|AnyCPU
		{6CE11A74-F949-4BAC-9E06-90EAF322B7E3}.Release|x86.Build.0 = Release|AnyCPU
		{4F20EB71-4501-4581-8478-FB6560DC11CC}.Debug|AnyCPU.ActiveCfg = Debug|AnyCPU
		{4F20EB71-4501-4581-8478-FB6560DC11CC}.Debug|AnyCPU.Build.0 = Debug|AnyCPU
		{4F20EB71-4501-4581-8478-FB6560DC11CC}.Debug|x86.ActiveCfg = Debug|AnyCPU
		{4F20EB71-4501-4581-8478-FB6560DC11CC}.Debug|x86.Build.0 = Debug|AnyCPU
		{4F20EB71-4501-4581-8478-FB6560DC11CC}.Release|AnyCPU.ActiveCfg = Release|AnyCPU
		{4F20EB71-4501-4581-8478-FB6560DC11CC}.Release|AnyCPU.Build.0 = Release|AnyCPU
		{4F20EB71-4501-4581-8478-FB6560DC11CC}.Release|x86.ActiveCfg = Release|AnyCPU
		{4F20EB71-4501-4581-8478-FB6560DC11CC}.Release|x86.Build.0 = Release|AnyCPU
		{A6A9B071-E594-4A57-948C-60AFF64FA236}.Debug|AnyCPU.ActiveCfg = Debug|AnyCPU
		{A6A9B071-E594-4A57-948C-60AFF64FA236}.Debug|AnyCPU.Build.0 = Debug|AnyCPU
		{A6A9B071-E594-4A57-948C-60AFF64FA236}.Debug|x86.ActiveCfg = Debug|AnyCPU
		{A6A9B071-E594-4A57-948C-60AFF64FA236}.Debug|x86.Build.0 = Debug|AnyCPU
		{A6A9B071-E594-4A57-948C-60AFF64FA236}.Release|AnyCPU.ActiveCfg = Release|AnyCPU
		{A6A9B071-E594-4A57-948C-60AFF64FA236}.Release|AnyCPU.Build.0 = Release|AnyCPU
		{A6A9B071-E594-4A57-948C-60AFF64FA236}.Release|x86.ActiveCfg = Release|AnyCPU
		{A6A9B071-E594-4A57-948C-60AFF64FA236}.Release|x86.Build.0 = Release|AnyCPU
		{F1248FE7-C3BE-4D32-9FFE-6BA7FEC7C798}.Debug|AnyCPU.ActiveCfg = Debug|AnyCPU
		{F1248FE7-C3BE-4D32-9FFE-6BA7FEC7C798}.Debug|AnyCPU.Build.0 = Debug|AnyCPU
		{F1248FE7-C3BE-4D32-9FFE-6BA7FEC7C798}.Debug|x86.ActiveCfg = Debug|AnyCPU
		{F1248FE7-C3BE-4D32-9FFE-6BA7FEC7C798}.Debug|x86.Build.0 = Debug|AnyCPU
		{F1248FE7-C3BE-4D32-9FFE-6BA7FEC7C798}.Release|AnyCPU.ActiveCfg = Release|AnyCPU
		{F1248FE7-C3BE-4D32-9FFE-6BA7FEC7C798}.Release|AnyCPU.Build.0 = Release|AnyCPU
		{F1248FE7-C3BE-4D32-9FFE-6BA7FEC7C798}.Release|x86.ActiveCfg = Release|AnyCPU
		{F1248FE7-C3BE-4D32-9FFE-6BA7FEC7C798}.Release|x86.Build.0 = Release|AnyCPU
	EndGlobalSection
	GlobalSection(SolutionProperties) = preSolution
		HideSolutionNode = FALSE
	EndGlobalSection
EndGlobal
